{
  "name": "test-scan",
  "version": "1.0.0",
  "lockfileVersion": 1,
  "requires": true,
  "dependencies": {
    "weui": {
      "version": "2.4.1",
      "resolved": "https://registry.npm.taobao.org/weui/download/weui-2.4.1.tgz",
      "integrity": "sha1-nyjAgIe6JBVivB24eduZUe/Bl2M="
    },
    "weui-miniprogram": {
      "version": "1.0.7",
      "resolved": "https://registry.npm.taobao.org/weui-miniprogram/download/weui-miniprogram-1.0.7.tgz",
      "integrity": "sha1-b8B1eJbbXMWrPZfe/uiWagrg/7Y="
    }
  }
}
